// !$*UTF8*$!
{
	archiveVersion = 1;
	classes = {
	};
	objectVersion = 55;
	objects = {

/* Begin PBXBuildFile section */
		86114CD02813331400D03B56 /* AppDelegate.swift in Sources */ = {isa = PBXBuildFile; fileRef = 86114CCF2813331400D03B56 /* AppDelegate.swift */; };
		86114CD22813331400D03B56 /* SceneDelegate.swift in Sources */ = {isa = PBXBuildFile; fileRef = 86114CD12813331400D03B56 /* SceneDelegate.swift */; };
		86114CD42813331400D03B56 /* ViewController.swift in Sources */ = {isa = PBXBuildFile; fileRef = 86114CD32813331400D03B56 /* ViewController.swift */; };
		86114CD72813331400D03B56 /* Main.storyboard in Resources */ = {isa = PBXBuildFile; fileRef = 86114CD52813331400D03B56 /* Main.storyboard */; };
		86114CD92813331500D03B56 /* Assets.xcassets in Resources */ = {isa = PBXBuildFile; fileRef = 86114CD82813331500D03B56 /* Assets.xcassets */; };
		86114CDC2813331500D03B56 /* LaunchScreen.storyboard in Resources */ = {isa = PBXBuildFile; fileRef = 86114CDA2813331500D03B56 /* LaunchScreen.storyboard */; };
		86114CE92813337300D03B56 /* Pokemon.swift in Sources */ = {isa = PBXBuildFile; fileRef = 86114CE82813337300D03B56 /* Pokemon.swift */; };
		86114CEB281333A900D03B56 /* PokeViewModel.swift in Sources */ = {isa = PBXBuildFile; fileRef = 86114CEA281333A900D03B56 /* PokeViewModel.swift */; };
/* End PBXBuildFile section */

/* Begin PBXFileReference section */
		86114CCC2813331400D03B56 /* ProjectMVVM.app */ = {isa = PBXFileReference; explicitFileType = wrapper.application; includeInIndex = 0; path = ProjectMVVM.app; sourceTree = BUILT_PRODUCTS_DIR; };
		86114CCF2813331400D03B56 /* AppDelegate.swift */ = {isa = PBXFileReference; lastKnownFileType = sourcecode.swift; path = AppDelegate.swift; sourceTree = "<group>"; };
		86114CD12813331400D03B56 /* SceneDelegate.swift */ = {isa = PBXFileReference; lastKnownFileType = sourcecode.swift; path = SceneDelegate.swift; sourceTree = "<group>"; };
		86114CD32813331400D03B56 /* ViewController.swift */ = {isa = PBXFileReference; lastKnownFileType = sourcecode.swift; path = ViewController.swift; sourceTree = "<group>"; };
		86114CD62813331400D03B56 /* Base */ = {isa = PBXFileReference; lastKnownFileType = file.storyboard; name = Base; path = Base.lproj/Main.storyboard; sourceTree = "<group>"; };
		86114CD82813331500D03B56 /* Assets.xcassets */ = {isa = PBXFileReference; lastKnownFileType = folder.assetcatalog; path = Assets.xcassets; sourceTree = "<group>"; };
		86114CDB2813331500D03B56 /* Base */ = {isa = PBXFileReference; lastKnownFileType = file.storyboard; name = Base; path = Base.lproj/LaunchScreen.storyboard; sourceTree = "<group>"; };
		86114CDD2813331500D03B56 /* Info.plist */ = {isa = PBXFileReference; lastKnownFileType = text.plist.xml; path = Info.plist; sourceTree = "<group>"; };
		86114CE82813337300D03B56 /* Pokemon.swift */ = {isa = PBXFileReference; lastKnownFileType = sourcecode.swift; path = Pokemon.swift; sourceTree = "<group>"; };
		86114CEA281333A900D03B56 /* PokeViewModel.swift */ = {isa = PBXFileReference; lastKnownFileType = sourcecode.swift; path = PokeViewModel.swift; sourceTree = "<group>"; };
/* End PBXFileReference section */

/* Begin PBXFrameworksBuildPhase section */
		86114CC92813331400D03B56 /* Frameworks */ = {
			isa = PBXFrameworksBuildPhase;
			buildActionMask = 2147483647;
			files = (
			);
			runOnlyForDeploymentPostprocessing = 0;
		};
/* End PBXFrameworksBuildPhase section */

/* Begin PBXGroup section */
		86114CC32813331300D03B56 = {
			isa = PBXGroup;
			children = (
				86114CCE2813331400D03B56 /* ProjectMVVM */,
				86114CCD2813331400D03B56 /* Products */,
			);
			sourceTree = "<group>";
		};
		86114CCD2813331400D03B56 /* Products */ = {
			isa = PBXGroup;
			children = (
				86114CCC2813331400D03B56 /* ProjectMVVM.app */,
			);
			name = Products;
			sourceTree = "<group>";
		};
		86114CCE2813331400D03B56 /* ProjectMVVM */ = {
			isa = PBXGroup;
			children = (
				86114CE72813334500D03B56 /* Onboarding */,
				86114CE62813333500D03B56 /* Screens */,
				86114CE52813332A00D03B56 /* ViewModel */,
				86114CE42813332500D03B56 /* View */,
				86114CE32813331D00D03B56 /* Model */,
				86114CCF2813331400D03B56 /* AppDelegate.swift */,
				86114CD12813331400D03B56 /* SceneDelegate.swift */,
				86114CD82813331500D03B56 /* Assets.xcassets */,
				86114CDD2813331500D03B56 /* Info.plist */,
			);
			path = ProjectMVVM;
			sourceTree = "<group>";
		};
		86114CE32813331D00D03B56 /* Model */ = {
			isa = PBXGroup;
			children = (
				86114CE82813337300D03B56 /* Pokemon.swift */,
			);
			path = Model;
			sourceTree = "<group>";
		};
		86114CE42813332500D03B56 /* View */ = {
			isa = PBXGroup;
			children = (
				86114CD32813331400D03B56 /* ViewController.swift */,
			);
			path = View;
			sourceTree = "<group>";
		};
		86114CE52813332A00D03B56 /* ViewModel */ = {
			isa = PBXGroup;
			children = (
				86114CEA281333A900D03B56 /* PokeViewModel.swift */,
			);
			path = ViewModel;
			sourceTree = "<group>";
		};
		86114CE62813333500D03B56 /* Screens */ = {
			isa = PBXGroup;
			children = (
				86114CD52813331400D03B56 /* Main.storyboard */,
			);
			path = Screens;
			sourceTree = "<group>";
		};
		86114CE72813334500D03B56 /* Onboarding */ = {
			isa = PBXGroup;
			children = (
				86114CDA2813331500D03B56 /* LaunchScreen.storyboard */,
			);
			path = Onboarding;
			sourceTree = "<group>";
		};
/* End PBXGroup section */

/* Begin PBXNativeTarget section */
		86114CCB2813331400D03B56 /* ProjectMVVM */ = {
			isa = PBXNativeTarget;
			buildConfigurationList = 86114CE02813331500D03B56 /* Build configuration list for PBXNativeTarget "ProjectMVVM" */;
			buildPhases = (
				86114CC82813331400D03B56 /* Sources */,
				86114CC92813331400D03B56 /* Frameworks */,
				86114CCA2813331400D03B56 /* Resources */,
			);
			buildRules = (
			);
			dependencies = (
			);
			name = ProjectMVVM;
			productName = ProjectMVVM;
			productReference = 86114CCC2813331400D03B56 /* ProjectMVVM.app */;
			productType = "com.apple.product-type.application";
		};
/* End PBXNativeTarget section */

/* Begin PBXProject section */
		86114CC42813331300D03B56 /* Project object */ = {
			isa = PBXProject;
			attributes = {
				BuildIndependentTargetsInParallel = 1;
				LastSwiftUpdateCheck = 1330;
				LastUpgradeCheck = 1330;
				TargetAttributes = {
					86114CCB2813331400D03B56 = {
						CreatedOnToolsVersion = 13.3;
					};
				};
			};
			buildConfigurationList = 86114CC72813331300D03B56 /* Build configuration list for PBXProject "ProjectMVVM" */;
			compatibilityVersion = "Xcode 13.0";
			developmentRegion = en;
			hasScannedForEncodings = 0;
			knownRegions = (
				en,
				Base,
			);
			mainGroup = 86114CC32813331300D03B56;
			productRefGroup = 86114CCD2813331400D03B56 /* Products */;
			projectDirPath = "";
			projectRoot = "";
			targets = (
				86114CCB2813331400D03B56 /* ProjectMVVM */,
			);
		};
/* End PBXProject section */

/* Begin PBXResourcesBuildPhase section */
		86114CCA2813331400D03B56 /* Resources */ = {
			isa = PBXResourcesBuildPhase;
			buildActionMask = 2147483647;
			files = (
				86114CDC2813331500D03B56 /* LaunchScreen.storyboard in Resources */,
				86114CD92813331500D03B56 /* Assets.xcassets in Resources */,
				86114CD72813331400D03B56 /* Main.storyboard in Resources */,
			);
			runOnlyForDeploymentPostprocessing = 0;
		};
/* End PBXResourcesBuildPhase section */

/* Begin PBXSourcesBuildPhase section */
		86114CC82813331400D03B56 /* Sources */ = {
			isa = PBXSourcesBuildPhase;
			buildActionMask = 2147483647;
			files = (
				86114CD42813331400D03B56 /* ViewController.swift in Sources */,
				86114CE92813337300D03B56 /* Pokemon.swift in Sources */,
				86114CD02813331400D03B56 /* AppDelegate.swift in Sources */,
				86114CD22813331400D03B56 /* SceneDelegate.swift in Sources */,
				86114CEB281333A900D03B56 /* PokeViewModel.swift in Sources */,
			);
			runOnlyForDeploymentPostprocessing = 0;
		};
/* End PBXSourcesBuildPhase section */

/* Begin PBXVariantGroup section */
		86114CD52813331400D03B56 /* Main.storyboard */ = {
			isa = PBXVariantGroup;
			children = (
				86114CD62813331400D03B56 /* Base */,
			);
			name = Main.storyboard;
			sourceTree = "<group>";
		};
		86114CDA2813331500D03B56 /* LaunchScreen.storyboard */ = {
			isa = PBXVariantGroup;
			children = (
				86114CDB2813331500D03B56 /* Base */,
			);
			name = LaunchScreen.storyboard;
			sourceTree = "<group>";
		};
/* End PBXVariantGroup section */

/* Begin XCBuildConfiguration section */
		86114CDE2813331500D03B56 /* Debug */ = {
			isa = XCBuildConfiguration;
			buildSettings = {
				ALWAYS_SEARCH_USER_PATHS = NO;
				CLANG_ANALYZER_NONNULL = YES;
				CLANG_ANALYZER_NUMBER_OBJECT_CONVERSION = YES_AGGRESSIVE;
				CLANG_CXX_LANGUAGE_STANDARD = "gnu++17";
				CLANG_ENABLE_MODULES = YES;
				CLANG_ENABLE_OBJC_ARC = YES;
				CLANG_ENABLE_OBJC_WEAK = YES;
				CLANG_WARN_BLOCK_CAPTURE_AUTORELEASING = YES;
				CLANG_WARN_BOOL_CONVERSION = YES;
				CLANG_WARN_COMMA = YES;
				CLANG_WARN_CONSTANT_CONVERSION = YES;
				CLANG_WARN_DEPRECATED_OBJC_IMPLEMENTATIONS = YES;
				CLANG_WARN_DIRECT_OBJC_ISA_USAGE = YES_ERROR;
				CLANG_WARN_DOCUMENTATION_COMMENTS = YES;
				CLANG_WARN_EMPTY_BODY = YES;
				CLANG_WARN_ENUM_CONVERSION = YES;
				CLANG_WARN_INFINITE_RECURSION = YES;
				CLANG_WARN_INT_CONVERSION = YES;
				CLANG_WARN_NON_LITERAL_NULL_CONVERSION = YES;
				CLANG_WARN_OBJC_IMPLICIT_RETAIN_SELF = YES;
				CLANG_WARN_OBJC_LITERAL_CONVERSION = YES;
				CLANG_WARN_OBJC_ROOT_CLASS = YES_ERROR;
				CLANG_WARN_QUOTED_INCLUDE_IN_FRAMEWORK_HEADER = YES;
				CLANG_WARN_RANGE_LOOP_ANALYSIS = YES;
				CLANG_WARN_STRICT_PROTOTYPES = YES;
				CLANG_WARN_SUSPICIOUS_MOVE = YES;
				CLANG_WARN_UNGUARDED_AVAILABILITY = YES_AGGRESSIVE;
				CLANG_WARN_UNREACHABLE_CODE = YES;
				CLANG_WARN__DUPLICATE_METHOD_MATCH = YES;
				COPY_PHASE_STRIP = NO;
				DEBUG_INFORMATION_FORMAT = dwarf;
				ENABLE_STRICT_OBJC_MSGSEND = YES;
				ENABLE_TESTABILITY = YES;
				GCC_C_LANGUAGE_STANDARD = gnu11;
				GCC_DYNAMIC_NO_PIC = NO;
				GCC_NO_COMMON_BLOCKS = YES;
				GCC_OPTIMIZATION_LEVEL = 0;
				GCC_PREPROCESSOR_DEFINITIONS = (
					"DEBUG=1",
					"$(inherited)",
				);
				GCC_WARN_64_TO_32_BIT_CONVERSION = YES;
				GCC_WARN_ABOUT_RETURN_TYPE = YES_ERROR;
				GCC_WARN_UNDECLARED_SELECTOR = YES;
				GCC_WARN_UNINITIALIZED_AUTOS = YES_AGGRESSIVE;
				GCC_WARN_UNUSED_FUNCTION = YES;
				GCC_WARN_UNUSED_VARIABLE = YES;
				IPHONEOS_DEPLOYMENT_TARGET = 15.4;
				MTL_ENABLE_DEBUG_INFO = INCLUDE_SOURCE;
				MTL_FAST_MATH = YES;
				ONLY_ACTIVE_ARCH = YES;
				SDKROOT = iphoneos;
				SWIFT_ACTIVE_COMPILATION_CONDITIONS = DEBUG;
				SWIFT_OPTIMIZATION_LEVEL = "-Onone";
			};
			name = Debug;
		};
		86114CDF2813331500D03B56 /* Release */ = {
			isa = XCBuildConfiguration;
			buildSettings = {
				ALWAYS_SEARCH_USER_PATHS = NO;
				CLANG_ANALYZER_NONNULL = YES;
				CLANG_ANALYZER_NUMBER_OBJECT_CONVERSION = YES_AGGRESSIVE;
				CLANG_CXX_LANGUAGE_STANDARD = "gnu++17";
				CLANG_ENABLE_MODULES = YES;
				CLANG_ENABLE_OBJC_ARC = YES;
				CLANG_ENABLE_OBJC_WEAK = YES;
				CLANG_WARN_BLOCK_CAPTURE_AUTORELEASING = YES;
				CLANG_WARN_BOOL_CONVERSION = YES;
				CLANG_WARN_COMMA = YES;
				CLANG_WARN_CONSTANT_CONVERSION = YES;
				CLANG_WARN_DEPRECATED_OBJC_IMPLEMENTATIONS = YES;
				CLANG_WARN_DIRECT_OBJC_ISA_USAGE = YES_ERROR;
				CLANG_WARN_DOCUMENTATION_COMMENTS = YES;
				CLANG_WARN_EMPTY_BODY = YES;
				CLANG_WARN_ENUM_CONVERSION = YES;
				CLANG_WARN_INFINITE_RECURSION = YES;
				CLANG_WARN_INT_CONVERSION = YES;
				CLANG_WARN_NON_LITERAL_NULL_CONVERSION = YES;
				CLANG_WARN_OBJC_IMPLICIT_RETAIN_SELF = YES;
				CLANG_WARN_OBJC_LITERAL_CONVERSION = YES;
				CLANG_WARN_OBJC_ROOT_CLASS = YES_ERROR;
				CLANG_WARN_QUOTED_INCLUDE_IN_FRAMEWORK_HEADER = YES;
				CLANG_WARN_RANGE_LOOP_ANALYSIS = YES;
				CLANG_WARN_STRICT_PROTOTYPES = YES;
				CLANG_WARN_SUSPICIOUS_MOVE = YES;
				CLANG_WARN_UNGUARDED_AVAILABILITY = YES_AGGRESSIVE;
				CLANG_WARN_UNREACHABLE_CODE = YES;
				CLANG_WARN__DUPLICATE_METHOD_MATCH = YES;
				COPY_PHASE_STRIP = NO;
				DEBUG_INFORMATION_FORMAT = "dwarf-with-dsym";
				ENABLE_NS_ASSERTIONS = NO;
				ENABLE_STRICT_OBJC_MSGSEND = YES;
				GCC_C_LANGUAGE_STANDARD = gnu11;
				GCC_NO_COMMON_BLOCKS = YES;
				GCC_WARN_64_TO_32_BIT_CONVERSION = YES;
				GCC_WARN_ABOUT_RETURN_TYPE = YES_ERROR;
				GCC_WARN_UNDECLARED_SELECTOR = YES;
				GCC_WARN_UNINITIALIZED_AUTOS = YES_AGGRESSIVE;
				GCC_WARN_UNUSED_FUNCTION = YES;
				GCC_WARN_UNUSED_VARIABLE = YES;
				IPHONEOS_DEPLOYMENT_TARGET = 15.4;
				MTL_ENABLE_DEBUG_INFO = NO;
				MTL_FAST_MATH = YES;
				SDKROOT = iphoneos;
				SWIFT_COMPILATION_MODE = wholemodule;
				SWIFT_OPTIMIZATION_LEVEL = "-O";
				VALIDATE_PRODUCT = YES;
			};
			name = Release;
		};
		86114CE12813331500D03B56 /* Debug */ = {
			isa = XCBuildConfiguration;
			buildSettings = {
				ASSETCATALOG_COMPILER_APPICON_NAME = AppIcon;
				ASSETCATALOG_COMPILER_GLOBAL_ACCENT_COLOR_NAME = AccentColor;
				CODE_SIGN_STYLE = Automatic;
				CURRENT_PROJECT_VERSION = 1;
				DEVELOPMENT_TEAM = DLG2TN82XY;
				GENERATE_INFOPLIST_FILE = YES;
				INFOPLIST_FILE = ProjectMVVM/Info.plist;
				INFOPLIST_KEY_UIApplicationSupportsIndirectInputEvents = YES;
				INFOPLIST_KEY_UILaunchStoryboardName = LaunchScreen;
				INFOPLIST_KEY_UIMainStoryboardFile = Main;
				INFOPLIST_KEY_UISupportedInterfaceOrientations_iPad = "UIInterfaceOrientationPortrait UIInterfaceOrientationPortraitUpsideDown UIInterfaceOrientationLandscapeLeft UIInterfaceOrientationLandscapeRight";
				INFOPLIST_KEY_UISupportedInterfaceOrientations_iPhone = "UIInterfaceOrientationPortrait UIInterfaceOrientationLandscapeLeft UIInterfaceOrientationLandscapeRight";
				LD_RUNPATH_SEARCH_PATHS = (
					"$(inherited)",
					"@executable_path/Frameworks",
				);
				MARKETING_VERSION = 1.0;
				PRODUCT_BUNDLE_IDENTIFIER = com.tecsup.ProjectMVVM;
				PRODUCT_NAME = "$(TARGET_NAME)";
				SWIFT_EMIT_LOC_STRINGS = YES;
				SWIFT_VERSION = 5.0;
				TARGETED_DEVICE_FAMILY = "1,2";
			};
			name = Debug;
		};
		86114CE22813331500D03B56 /* Release */ = {
			isa = XCBuildConfiguration;
			buildSettings = {
				ASSETCATALOG_COMPILER_APPICON_NAME = AppIcon;
				ASSETCATALOG_COMPILER_GLOBAL_ACCENT_COLOR_NAME = AccentColor;
				CODE_SIGN_STYLE = Automatic;
				CURRENT_PROJECT_VERSION = 1;
				DEVELOPMENT_TEAM = DLG2TN82XY;
				GENERATE_INFOPLIST_FILE = YES;
				INFOPLIST_FILE = ProjectMVVM/Info.plist;
				INFOPLIST_KEY_UIApplicationSupportsIndirectInputEvents = YES;
				INFOPLIST_KEY_UILaunchStoryboardName = LaunchScreen;
				INFOPLIST_KEY_UIMainStoryboardFile = Main;
				INFOPLIST_KEY_UISupportedInterfaceOrientations_iPad = "UIInterfaceOrientationPortrait UIInterfaceOrientationPortraitUpsideDown UIInterfaceOrientationLandscapeLeft UIInterfaceOrientationLandscapeRight";
				INFOPLIST_KEY_UISupportedInterfaceOrientations_iPhone = "UIInterfaceOrientationPortrait UIInterfaceOrientationLandscapeLeft UIInterfaceOrientationLandscapeRight";
				LD_RUNPATH_SEARCH_PATHS = (
					"$(inherited)",
					"@executable_path/Frameworks",
				);
				MARKETING_VERSION = 1.0;
				PRODUCT_BUNDLE_IDENTIFIER = com.tecsup.ProjectMVVM;
				PRODUCT_NAME = "$(TARGET_NAME)";
				SWIFT_EMIT_LOC_STRINGS = YES;
				SWIFT_VERSION = 5.0;
				TARGETED_DEVICE_FAMILY = "1,2";
			};
			name = Release;
		};
/* End XCBuildConfiguration section */

/* Begin XCConfigurationList section */
		86114CC72813331300D03B56 /* Build configuration list for PBXProject "ProjectMVVM" */ = {
			isa = XCConfigurationList;
			buildConfigurations = (
				86114CDE2813331500D03B56 /* Debug */,
				86114CDF2813331500D03B56 /* Release */,
			);
			defaultConfigurationIsVisible = 0;
			defaultConfigurationName = Release;
		};
		86114CE02813331500D03B56 /* Build configuration list for PBXNativeTarget "ProjectMVVM" */ = {
			isa = XCConfigurationList;
			buildConfigurations = (
				86114CE12813331500D03B56 /* Debug */,
				86114CE22813331500D03B56 /* Release */,
			);
			defaultConfigurationIsVisible = 0;
			defaultConfigurationName = Release;
		};
/* End XCConfigurationList section */
	};
	rootObject = 86114CC42813331300D03B56 /* Project object */;
}
